// !$*UTF8*$!
{
	archiveVersion = 1;
	classes = {
	};
	objectVersion = 55;
	objects = {

/* Begin PBXBuildFile section */
		6B22C6EF27CFED8B000730F9 /* Music_by_LocationApp.swift in Sources */ = {isa = PBXBuildFile; fileRef = 6B22C6EE27CFED8B000730F9 /* Music_by_LocationApp.swift */; };
		6B22C6F127CFED8B000730F9 /* ContentView.swift in Sources */ = {isa = PBXBuildFile; fileRef = 6B22C6F027CFED8B000730F9 /* ContentView.swift */; };
		6B22C6F327CFED8D000730F9 /* Assets.xcassets in Resources */ = {isa = PBXBuildFile; fileRef = 6B22C6F227CFED8D000730F9 /* Assets.xcassets */; };
		6B22C6F627CFED8D000730F9 /* Preview Assets.xcassets in Resources */ = {isa = PBXBuildFile; fileRef = 6B22C6F527CFED8D000730F9 /* Preview Assets.xcassets */; };
		6B22C70027CFED8D000730F9 /* Music_by_LocationTests.swift in Sources */ = {isa = PBXBuildFile; fileRef = 6B22C6FF27CFED8D000730F9 /* Music_by_LocationTests.swift */; };
		6B22C70A27CFED8D000730F9 /* Music_by_LocationUITests.swift in Sources */ = {isa = PBXBuildFile; fileRef = 6B22C70927CFED8D000730F9 /* Music_by_LocationUITests.swift */; };
		6B22C70C27CFED8D000730F9 /* Music_by_LocationUITestsLaunchTests.swift in Sources */ = {isa = PBXBuildFile; fileRef = 6B22C70B27CFED8D000730F9 /* Music_by_LocationUITestsLaunchTests.swift */; };
		6B22C71927CFEE67000730F9 /* LocationHandler.swift in Sources */ = {isa = PBXBuildFile; fileRef = 6B22C71827CFEE67000730F9 /* LocationHandler.swift */; };
/* End PBXBuildFile section */

/* Begin PBXContainerItemProxy section */
		6B22C6FC27CFED8D000730F9 /* PBXContainerItemProxy */ = {
			isa = PBXContainerItemProxy;
			containerPortal = 6B22C6E327CFED8B000730F9 /* Project object */;
			proxyType = 1;
			remoteGlobalIDString = 6B22C6EA27CFED8B000730F9;
			remoteInfo = "Music by Location";
		};
		6B22C70627CFED8D000730F9 /* PBXContainerItemProxy */ = {
			isa = PBXContainerItemProxy;
			containerPortal = 6B22C6E327CFED8B000730F9 /* Project object */;
			proxyType = 1;
			remoteGlobalIDString = 6B22C6EA27CFED8B000730F9;
			remoteInfo = "Music by Location";
		};
/* End PBXContainerItemProxy section */

/* Begin PBXFileReference section */
		6B22C6EB27CFED8B000730F9 /* Music by Location.app */ = {isa = PBXFileReference; explicitFileType = wrapper.application; includeInIndex = 0; path = "Music by Location.app"; sourceTree = BUILT_PRODUCTS_DIR; };
		6B22C6EE27CFED8B000730F9 /* Music_by_LocationApp.swift */ = {isa = PBXFileReference; lastKnownFileType = sourcecode.swift; path = Music_by_LocationApp.swift; sourceTree = "<group>"; };
		6B22C6F027CFED8B000730F9 /* ContentView.swift */ = {isa = PBXFileReference; lastKnownFileType = sourcecode.swift; path = ContentView.swift; sourceTree = "<group>"; };
		6B22C6F227CFED8D000730F9 /* Assets.xcassets */ = {isa = PBXFileReference; lastKnownFileType = folder.assetcatalog; path = Assets.xcassets; sourceTree = "<group>"; };
		6B22C6F527CFED8D000730F9 /* Preview Assets.xcassets */ = {isa = PBXFileReference; lastKnownFileType = folder.assetcatalog; path = "Preview Assets.xcassets"; sourceTree = "<group>"; };
		6B22C6FB27CFED8D000730F9 /* Music by LocationTests.xctest */ = {isa = PBXFileReference; explicitFileType = wrapper.cfbundle; includeInIndex = 0; path = "Music by LocationTests.xctest"; sourceTree = BUILT_PRODUCTS_DIR; };
		6B22C6FF27CFED8D000730F9 /* Music_by_LocationTests.swift */ = {isa = PBXFileReference; lastKnownFileType = sourcecode.swift; path = Music_by_LocationTests.swift; sourceTree = "<group>"; };
		6B22C70527CFED8D000730F9 /* Music by LocationUITests.xctest */ = {isa = PBXFileReference; explicitFileType = wrapper.cfbundle; includeInIndex = 0; path = "Music by LocationUITests.xctest"; sourceTree = BUILT_PRODUCTS_DIR; };
		6B22C70927CFED8D000730F9 /* Music_by_LocationUITests.swift */ = {isa = PBXFileReference; lastKnownFileType = sourcecode.swift; path = Music_by_LocationUITests.swift; sourceTree = "<group>"; };
		6B22C70B27CFED8D000730F9 /* Music_by_LocationUITestsLaunchTests.swift */ = {isa = PBXFileReference; lastKnownFileType = sourcecode.swift; path = Music_by_LocationUITestsLaunchTests.swift; sourceTree = "<group>"; };
		6B22C71827CFEE67000730F9 /* LocationHandler.swift */ = {isa = PBXFileReference; lastKnownFileType = sourcecode.swift; path = LocationHandler.swift; sourceTree = "<group>"; };
		6B22C71A27D014AA000730F9 /* Info.plist */ = {isa = PBXFileReference; lastKnownFileType = text.plist.xml; path = Info.plist; sourceTree = "<group>"; };
/* End PBXFileReference section */

/* Begin PBXFrameworksBuildPhase section */
		6B22C6E827CFED8B000730F9 /* Frameworks */ = {
			isa = PBXFrameworksBuildPhase;
			buildActionMask = 2147483647;
			files = (
			);
			runOnlyForDeploymentPostprocessing = 0;
		};
		6B22C6F827CFED8D000730F9 /* Frameworks */ = {
			isa = PBXFrameworksBuildPhase;
			buildActionMask = 2147483647;
			files = (
			);
			runOnlyForDeploymentPostprocessing = 0;
		};
		6B22C70227CFED8D000730F9 /* Frameworks */ = {
			isa = PBXFrameworksBuildPhase;
			buildActionMask = 2147483647;
			files = (
			);
			runOnlyForDeploymentPostprocessing = 0;
		};
/* End PBXFrameworksBuildPhase section */

/* Begin PBXGroup section */
		6B22C6E227CFED8B000730F9 = {
			isa = PBXGroup;
			children = (
				6B22C6ED27CFED8B000730F9 /* Music by Location */,
				6B22C6FE27CFED8D000730F9 /* Music by LocationTests */,
				6B22C70827CFED8D000730F9 /* Music by LocationUITests */,
				6B22C6EC27CFED8B000730F9 /* Products */,
			);
			sourceTree = "<group>";
		};
		6B22C6EC27CFED8B000730F9 /* Products */ = {
			isa = PBXGroup;
			children = (
				6B22C6EB27CFED8B000730F9 /* Music by Location.app */,
				6B22C6FB27CFED8D000730F9 /* Music by LocationTests.xctest */,
				6B22C70527CFED8D000730F9 /* Music by LocationUITests.xctest */,
			);
			name = Products;
			sourceTree = "<group>";
		};
		6B22C6ED27CFED8B000730F9 /* Music by Location */ = {
			isa = PBXGroup;
			children = (
				6B22C6EE27CFED8B000730F9 /* Music_by_LocationApp.swift */,
				6B22C6F027CFED8B000730F9 /* ContentView.swift */,
				6B22C6F227CFED8D000730F9 /* Assets.xcassets */,
				6B22C6F427CFED8D000730F9 /* Preview Content */,
				6B22C71827CFEE67000730F9 /* LocationHandler.swift */,
				6B22C71A27D014AA000730F9 /* Info.plist */,
			);
			path = "Music by Location";
			sourceTree = "<group>";
		};
		6B22C6F427CFED8D000730F9 /* Preview Content */ = {
			isa = PBXGroup;
			children = (
				6B22C6F527CFED8D000730F9 /* Preview Assets.xcassets */,
			);
			path = "Preview Content";
			sourceTree = "<group>";
		};
		6B22C6FE27CFED8D000730F9 /* Music by LocationTests */ = {
			isa = PBXGroup;
			children = (
				6B22C6FF27CFED8D000730F9 /* Music_by_LocationTests.swift */,
			);
			path = "Music by LocationTests";
			sourceTree = "<group>";
		};
		6B22C70827CFED8D000730F9 /* Music by LocationUITests */ = {
			isa = PBXGroup;
			children = (
				6B22C70927CFED8D000730F9 /* Music_by_LocationUITests.swift */,
				6B22C70B27CFED8D000730F9 /* Music_by_LocationUITestsLaunchTests.swift */,
			);
			path = "Music by LocationUITests";
			sourceTree = "<group>";
		};
/* End PBXGroup section */

/* Begin PBXNativeTarget section */
		6B22C6EA27CFED8B000730F9 /* Music by Location */ = {
			isa = PBXNativeTarget;
			buildConfigurationList = 6B22C70F27CFED8D000730F9 /* Build configuration list for PBXNativeTarget "Music by Location" */;
			buildPhases = (
				6B22C6E727CFED8B000730F9 /* Sources */,
				6B22C6E827CFED8B000730F9 /* Frameworks */,
				6B22C6E927CFED8B000730F9 /* Resources */,
			);
			buildRules = (
			);
			dependencies = (
			);
			name = "Music by Location";
			productName = "Music by Location";
			productReference = 6B22C6EB27CFED8B000730F9 /* Music by Location.app */;
			productType = "com.apple.product-type.application";
		};
		6B22C6FA27CFED8D000730F9 /* Music by LocationTests */ = {
			isa = PBXNativeTarget;
			buildConfigurationList = 6B22C71227CFED8D000730F9 /* Build configuration list for PBXNativeTarget "Music by LocationTests" */;
			buildPhases = (
				6B22C6F727CFED8D000730F9 /* Sources */,
				6B22C6F827CFED8D000730F9 /* Frameworks */,
				6B22C6F927CFED8D000730F9 /* Resources */,
			);
			buildRules = (
			);
			dependencies = (
				6B22C6FD27CFED8D000730F9 /* PBXTargetDependency */,
			);
			name = "Music by LocationTests";
			productName = "Music by LocationTests";
			productReference = 6B22C6FB27CFED8D000730F9 /* Music by LocationTests.xctest */;
			productType = "com.apple.product-type.bundle.unit-test";
		};
		6B22C70427CFED8D000730F9 /* Music by LocationUITests */ = {
			isa = PBXNativeTarget;
			buildConfigurationList = 6B22C71527CFED8D000730F9 /* Build configuration list for PBXNativeTarget "Music by LocationUITests" */;
			buildPhases = (
				6B22C70127CFED8D000730F9 /* Sources */,
				6B22C70227CFED8D000730F9 /* Frameworks */,
				6B22C70327CFED8D000730F9 /* Resources */,
			);
			buildRules = (
			);
			dependencies = (
				6B22C70727CFED8D000730F9 /* PBXTargetDependency */,
			);
			name = "Music by LocationUITests";
			productName = "Music by LocationUITests";
			productReference = 6B22C70527CFED8D000730F9 /* Music by LocationUITests.xctest */;
			productType = "com.apple.product-type.bundle.ui-testing";
		};
/* End PBXNativeTarget section */

/* Begin PBXProject section */
		6B22C6E327CFED8B000730F9 /* Project object */ = {
			isa = PBXProject;
			attributes = {
				BuildIndependentTargetsInParallel = 1;
				LastSwiftUpdateCheck = 1320;
				LastUpgradeCheck = 1320;
				TargetAttributes = {
					6B22C6EA27CFED8B000730F9 = {
						CreatedOnToolsVersion = 13.2.1;
					};
					6B22C6FA27CFED8D000730F9 = {
						CreatedOnToolsVersion = 13.2.1;
						TestTargetID = 6B22C6EA27CFED8B000730F9;
					};
					6B22C70427CFED8D000730F9 = {
						CreatedOnToolsVersion = 13.2.1;
						TestTargetID = 6B22C6EA27CFED8B000730F9;
					};
				};
			};
			buildConfigurationList = 6B22C6E627CFED8B000730F9 /* Build configuration list for PBXProject "Music by Location" */;
			compatibilityVersion = "Xcode 13.0";
			developmentRegion = en;
			hasScannedForEncodings = 0;
			knownRegions = (
				en,
				Base,
			);
			mainGroup = 6B22C6E227CFED8B000730F9;
			productRefGroup = 6B22C6EC27CFED8B000730F9 /* Products */;
			projectDirPath = "";
			projectRoot = "";
			targets = (
				6B22C6EA27CFED8B000730F9 /* Music by Location */,
				6B22C6FA27CFED8D000730F9 /* Music by LocationTests */,
				6B22C70427CFED8D000730F9 /* Music by LocationUITests */,
			);
		};
/* End PBXProject section */

/* Begin PBXResourcesBuildPhase section */
		6B22C6E927CFED8B000730F9 /* Resources */ = {
			isa = PBXResourcesBuildPhase;
			buildActionMask = 2147483647;
			files = (
				6B22C6F627CFED8D000730F9 /* Preview Assets.xcassets in Resources */,
				6B22C6F327CFED8D000730F9 /* Assets.xcassets in Resources */,
			);
			runOnlyForDeploymentPostprocessing = 0;
		};
		6B22C6F927CFED8D000730F9 /* Resources */ = {
			isa = PBXResourcesBuildPhase;
			buildActionMask = 2147483647;
			files = (
			);
			runOnlyForDeploymentPostprocessing = 0;
		};
		6B22C70327CFED8D000730F9 /* Resources */ = {
			isa = PBXResourcesBuildPhase;
			buildActionMask = 2147483647;
			files = (
			);
			runOnlyForDeploymentPostprocessing = 0;
		};
/* End PBXResourcesBuildPhase section */

/* Begin PBXSourcesBuildPhase section */
		6B22C6E727CFED8B000730F9 /* Sources */ = {
			isa = PBXSourcesBuildPhase;
			buildActionMask = 2147483647;
			files = (
				6B22C71927CFEE67000730F9 /* LocationHandler.swift in Sources */,
				6B22C6F127CFED8B000730F9 /* ContentView.swift in Sources */,
				6B22C6EF27CFED8B000730F9 /* Music_by_LocationApp.swift in Sources */,
			);
			runOnlyForDeploymentPostprocessing = 0;
		};
		6B22C6F727CFED8D000730F9 /* Sources */ = {
			isa = PBXSourcesBuildPhase;
			buildActionMask = 2147483647;
			files = (
				6B22C70027CFED8D000730F9 /* Music_by_LocationTests.swift in Sources */,
			);
			runOnlyForDeploymentPostprocessing = 0;
		};
		6B22C70127CFED8D000730F9 /* Sources */ = {
			isa = PBXSourcesBuildPhase;
			buildActionMask = 2147483647;
			files = (
				6B22C70C27CFED8D000730F9 /* Music_by_LocationUITestsLaunchTests.swift in Sources */,
				6B22C70A27CFED8D000730F9 /* Music_by_LocationUITests.swift in Sources */,
			);
			runOnlyForDeploymentPostprocessing = 0;
		};
/* End PBXSourcesBuildPhase section */

/* Begin PBXTargetDependency section */
		6B22C6FD27CFED8D000730F9 /* PBXTargetDependency */ = {
			isa = PBXTargetDependency;
			target = 6B22C6EA27CFED8B000730F9 /* Music by Location */;
			targetProxy = 6B22C6FC27CFED8D000730F9 /* PBXContainerItemProxy */;
		};
		6B22C70727CFED8D000730F9 /* PBXTargetDependency */ = {
			isa = PBXTargetDependency;
			target = 6B22C6EA27CFED8B000730F9 /* Music by Location */;
			targetProxy = 6B22C70627CFED8D000730F9 /* PBXContainerItemProxy */;
		};
/* End PBXTargetDependency section */

/* Begin XCBuildConfiguration section */
		6B22C70D27CFED8D000730F9 /* Debug */ = {
			isa = XCBuildConfiguration;
			buildSettings = {
				ALWAYS_SEARCH_USER_PATHS = NO;
				CLANG_ANALYZER_NONNULL = YES;
				CLANG_ANALYZER_NUMBER_OBJECT_CONVERSION = YES_AGGRESSIVE;
				CLANG_CXX_LANGUAGE_STANDARD = "gnu++17";
				CLANG_CXX_LIBRARY = "libc++";
				CLANG_ENABLE_MODULES = YES;
				CLANG_ENABLE_OBJC_ARC = YES;
				CLANG_ENABLE_OBJC_WEAK = YES;
				CLANG_WARN_BLOCK_CAPTURE_AUTORELEASING = YES;
				CLANG_WARN_BOOL_CONVERSION = YES;
				CLANG_WARN_COMMA = YES;
				CLANG_WARN_CONSTANT_CONVERSION = YES;
				CLANG_WARN_DEPRECATED_OBJC_IMPLEMENTATIONS = YES;
				CLANG_WARN_DIRECT_OBJC_ISA_USAGE = YES_ERROR;
				CLANG_WARN_DOCUMENTATION_COMMENTS = YES;
				CLANG_WARN_EMPTY_BODY = YES;
				CLANG_WARN_ENUM_CONVERSION = YES;
				CLANG_WARN_INFINITE_RECURSION = YES;
				CLANG_WARN_INT_CONVERSION = YES;
				CLANG_WARN_NON_LITERAL_NULL_CONVERSION = YES;
				CLANG_WARN_OBJC_IMPLICIT_RETAIN_SELF = YES;
				CLANG_WARN_OBJC_LITERAL_CONVERSION = YES;
				CLANG_WARN_OBJC_ROOT_CLASS = YES_ERROR;
				CLANG_WARN_QUOTED_INCLUDE_IN_FRAMEWORK_HEADER = YES;
				CLANG_WARN_RANGE_LOOP_ANALYSIS = YES;
				CLANG_WARN_STRICT_PROTOTYPES = YES;
				CLANG_WARN_SUSPICIOUS_MOVE = YES;
				CLANG_WARN_UNGUARDED_AVAILABILITY = YES_AGGRESSIVE;
				CLANG_WARN_UNREACHABLE_CODE = YES;
				CLANG_WARN__DUPLICATE_METHOD_MATCH = YES;
				COPY_PHASE_STRIP = NO;
				DEBUG_INFORMATION_FORMAT = dwarf;
				ENABLE_STRICT_OBJC_MSGSEND = YES;
				ENABLE_TESTABILITY = YES;
				GCC_C_LANGUAGE_STANDARD = gnu11;
				GCC_DYNAMIC_NO_PIC = NO;
				GCC_NO_COMMON_BLOCKS = YES;
				GCC_OPTIMIZATION_LEVEL = 0;
				GCC_PREPROCESSOR_DEFINITIONS = (
					"DEBUG=1",
					"$(inherited)",
				);
				GCC_WARN_64_TO_32_BIT_CONVERSION = YES;
				GCC_WARN_ABOUT_RETURN_TYPE = YES_ERROR;
				GCC_WARN_UNDECLARED_SELECTOR = YES;
				GCC_WARN_UNINITIALIZED_AUTOS = YES_AGGRESSIVE;
				GCC_WARN_UNUSED_FUNCTION = YES;
				GCC_WARN_UNUSED_VARIABLE = YES;
				IPHONEOS_DEPLOYMENT_TARGET = 15.2;
				MTL_ENABLE_DEBUG_INFO = INCLUDE_SOURCE;
				MTL_FAST_MATH = YES;
				ONLY_ACTIVE_ARCH = YES;
				SDKROOT = iphoneos;
				SWIFT_ACTIVE_COMPILATION_CONDITIONS = DEBUG;
				SWIFT_OPTIMIZATION_LEVEL = "-Onone";
			};
			name = Debug;
		};
		6B22C70E27CFED8D000730F9 /* Release */ = {
			isa = XCBuildConfiguration;
			buildSettings = {
				ALWAYS_SEARCH_USER_PATHS = NO;
				CLANG_ANALYZER_NONNULL = YES;
				CLANG_ANALYZER_NUMBER_OBJECT_CONVERSION = YES_AGGRESSIVE;
				CLANG_CXX_LANGUAGE_STANDARD = "gnu++17";
				CLANG_CXX_LIBRARY = "libc++";
				CLANG_ENABLE_MODULES = YES;
				CLANG_ENABLE_OBJC_ARC = YES;
				CLANG_ENABLE_OBJC_WEAK = YES;
				CLANG_WARN_BLOCK_CAPTURE_AUTORELEASING = YES;
				CLANG_WARN_BOOL_CONVERSION = YES;
				CLANG_WARN_COMMA = YES;
				CLANG_WARN_CONSTANT_CONVERSION = YES;
				CLANG_WARN_DEPRECATED_OBJC_IMPLEMENTATIONS = YES;
				CLANG_WARN_DIRECT_OBJC_ISA_USAGE = YES_ERROR;
				CLANG_WARN_DOCUMENTATION_COMMENTS = YES;
				CLANG_WARN_EMPTY_BODY = YES;
				CLANG_WARN_ENUM_CONVERSION = YES;
				CLANG_WARN_INFINITE_RECURSION = YES;
				CLANG_WARN_INT_CONVERSION = YES;
				CLANG_WARN_NON_LITERAL_NULL_CONVERSION = YES;
				CLANG_WARN_OBJC_IMPLICIT_RETAIN_SELF = YES;
				CLANG_WARN_OBJC_LITERAL_CONVERSION = YES;
				CLANG_WARN_OBJC_ROOT_CLASS = YES_ERROR;
				CLANG_WARN_QUOTED_INCLUDE_IN_FRAMEWORK_HEADER = YES;
				CLANG_WARN_RANGE_LOOP_ANALYSIS = YES;
				CLANG_WARN_STRICT_PROTOTYPES = YES;
				CLANG_WARN_SUSPICIOUS_MOVE = YES;
				CLANG_WARN_UNGUARDED_AVAILABILITY = YES_AGGRESSIVE;
				CLANG_WARN_UNREACHABLE_CODE = YES;
				CLANG_WARN__DUPLICATE_METHOD_MATCH = YES;
				COPY_PHASE_STRIP = NO;
				DEBUG_INFORMATION_FORMAT = "dwarf-with-dsym";
				ENABLE_NS_ASSERTIONS = NO;
				ENABLE_STRICT_OBJC_MSGSEND = YES;
				GCC_C_LANGUAGE_STANDARD = gnu11;
				GCC_NO_COMMON_BLOCKS = YES;
				GCC_WARN_64_TO_32_BIT_CONVERSION = YES;
				GCC_WARN_ABOUT_RETURN_TYPE = YES_ERROR;
				GCC_WARN_UNDECLARED_SELECTOR = YES;
				GCC_WARN_UNINITIALIZED_AUTOS = YES_AGGRESSIVE;
				GCC_WARN_UNUSED_FUNCTION = YES;
				GCC_WARN_UNUSED_VARIABLE = YES;
				IPHONEOS_DEPLOYMENT_TARGET = 15.2;
				MTL_ENABLE_DEBUG_INFO = NO;
				MTL_FAST_MATH = YES;
				SDKROOT = iphoneos;
				SWIFT_COMPILATION_MODE = wholemodule;
				SWIFT_OPTIMIZATION_LEVEL = "-O";
				VALIDATE_PRODUCT = YES;
			};
			name = Release;
		};
		6B22C71027CFED8D000730F9 /* Debug */ = {
			isa = XCBuildConfiguration;
			buildSettings = {
				ASSETCATALOG_COMPILER_APPICON_NAME = AppIcon;
				ASSETCATALOG_COMPILER_GLOBAL_ACCENT_COLOR_NAME = AccentColor;
				CODE_SIGN_STYLE = Automatic;
				CURRENT_PROJECT_VERSION = 1;
				DEVELOPMENT_ASSET_PATHS = "\"Music by Location/Preview Content\"";
				ENABLE_PREVIEWS = YES;
				GENERATE_INFOPLIST_FILE = NO;
				INFOPLIST_FILE = "/Users/begg.a/Documents/Xcode Project/Music by Location/Music by Location/Info.plist";
				INFOPLIST_KEY_UIApplicationSceneManifest_Generation = YES;
				INFOPLIST_KEY_UIApplicationSupportsIndirectInputEvents = YES;
				INFOPLIST_KEY_UILaunchScreen_Generation = YES;
				INFOPLIST_KEY_UISupportedInterfaceOrientations_iPad = "UIInterfaceOrientationPortrait UIInterfaceOrientationPortraitUpsideDown UIInterfaceOrientationLandscapeLeft UIInterfaceOrientationLandscapeRight";
				INFOPLIST_KEY_UISupportedInterfaceOrientations_iPhone = "UIInterfaceOrientationPortrait UIInterfaceOrientationLandscapeLeft UIInterfaceOrientationLandscapeRight";
				LD_RUNPATH_SEARCH_PATHS = (
					"$(inherited)",
					"@executable_path/Frameworks",
				);
				MARKETING_VERSION = 1.0;
				PRODUCT_BUNDLE_IDENTIFIER = "com.beggA123.Music-by-Location";
				PRODUCT_NAME = "$(TARGET_NAME)";
				SWIFT_EMIT_LOC_STRINGS = YES;
				SWIFT_VERSION = 5.0;
				TARGETED_DEVICE_FAMILY = "1,2";
			};
			name = Debug;
		};
		6B22C71127CFED8D000730F9 /* Release */ = {
			isa = XCBuildConfiguration;
			buildSettings = {
				ASSETCATALOG_COMPILER_APPICON_NAME = AppIcon;
				ASSETCATALOG_COMPILER_GLOBAL_ACCENT_COLOR_NAME = AccentColor;
				CODE_SIGN_STYLE = Automatic;
				CURRENT_PROJECT_VERSION = 1;
				DEVELOPMENT_ASSET_PATHS = "\"Music by Location/Preview Content\"";
				ENABLE_PREVIEWS = YES;
				GENERATE_INFOPLIST_FILE = NO;
				INFOPLIST_FILE = "/Users/begg.a/Documents/Xcode Project/Music by Location/Music by Location/Info.plist";
				INFOPLIST_KEY_UIApplicationSceneManifest_Generation = YES;
				INFOPLIST_KEY_UIApplicationSupportsIndirectInputEvents = YES;
				INFOPLIST_KEY_UILaunchScreen_Generation = YES;
				INFOPLIST_KEY_UISupportedInterfaceOrientations_iPad = "UIInterfaceOrientationPortrait UIInterfaceOrientationPortraitUpsideDown UIInterfaceOrientationLandscapeLeft UIInterfaceOrientationLandscapeRight";
				INFOPLIST_KEY_UISupportedInterfaceOrientations_iPhone = "UIInterfaceOrientationPortrait UIInterfaceOrientationLandscapeLeft UIInterfaceOrientationLandscapeRight";
				LD_RUNPATH_SEARCH_PATHS = (
					"$(inherited)",
					"@executable_path/Frameworks",
				);
				MARKETING_VERSION = 1.0;
				PRODUCT_BUNDLE_IDENTIFIER = "com.beggA123.Music-by-Location";
				PRODUCT_NAME = "$(TARGET_NAME)";
				SWIFT_EMIT_LOC_STRINGS = YES;
				SWIFT_VERSION = 5.0;
				TARGETED_DEVICE_FAMILY = "1,2";
			};
			name = Release;
		};
		6B22C71327CFED8D000730F9 /* Debug */ = {
			isa = XCBuildConfiguration;
			buildSettings = {
				ALWAYS_EMBED_SWIFT_STANDARD_LIBRARIES = YES;
				BUNDLE_LOADER = "$(TEST_HOST)";
				CODE_SIGN_STYLE = Automatic;
				CURRENT_PROJECT_VERSION = 1;
				GENERATE_INFOPLIST_FILE = YES;
				IPHONEOS_DEPLOYMENT_TARGET = 15.2;
				MARKETING_VERSION = 1.0;
				PRODUCT_BUNDLE_IDENTIFIER = "com.beggA123.Music-by-LocationTests";
				PRODUCT_NAME = "$(TARGET_NAME)";
				SWIFT_EMIT_LOC_STRINGS = NO;
				SWIFT_VERSION = 5.0;
				TARGETED_DEVICE_FAMILY = "1,2";
				TEST_HOST = "$(BUILT_PRODUCTS_DIR)/Music by Location.app/Music by Location";
			};
			name = Debug;
		};
		6B22C71427CFED8D000730F9 /* Release */ = {
			isa = XCBuildConfiguration;
			buildSettings = {
				ALWAYS_EMBED_SWIFT_STANDARD_LIBRARIES = YES;
				BUNDLE_LOADER = "$(TEST_HOST)";
				CODE_SIGN_STYLE = Automatic;
				CURRENT_PROJECT_VERSION = 1;
				GENERATE_INFOPLIST_FILE = YES;
				IPHONEOS_DEPLOYMENT_TARGET = 15.2;
				MARKETING_VERSION = 1.0;
				PRODUCT_BUNDLE_IDENTIFIER = "com.beggA123.Music-by-LocationTests";
				PRODUCT_NAME = "$(TARGET_NAME)";
				SWIFT_EMIT_LOC_STRINGS = NO;
				SWIFT_VERSION = 5.0;
				TARGETED_DEVICE_FAMILY = "1,2";
				TEST_HOST = "$(BUILT_PRODUCTS_DIR)/Music by Location.app/Music by Location";
			};
			name = Release;
		};
		6B22C71627CFED8D000730F9 /* Debug */ = {
			isa = XCBuildConfiguration;
			buildSettings = {
				ALWAYS_EMBED_SWIFT_STANDARD_LIBRARIES = YES;
				CODE_SIGN_STYLE = Automatic;
				CURRENT_PROJECT_VERSION = 1;
				GENERATE_INFOPLIST_FILE = YES;
				MARKETING_VERSION = 1.0;
				PRODUCT_BUNDLE_IDENTIFIER = "com.beggA123.Music-by-LocationUITests";
				PRODUCT_NAME = "$(TARGET_NAME)";
				SWIFT_EMIT_LOC_STRINGS = NO;
				SWIFT_VERSION = 5.0;
				TARGETED_DEVICE_FAMILY = "1,2";
				TEST_TARGET_NAME = "Music by Location";
			};
			name = Debug;
		};
		6B22C71727CFED8D000730F9 /* Release */ = {
			isa = XCBuildConfiguration;
			buildSettings = {
				ALWAYS_EMBED_SWIFT_STANDARD_LIBRARIES = YES;
				CODE_SIGN_STYLE = Automatic;
				CURRENT_PROJECT_VERSION = 1;
				GENERATE_INFOPLIST_FILE = YES;
				MARKETING_VERSION = 1.0;
				PRODUCT_BUNDLE_IDENTIFIER = "com.beggA123.Music-by-LocationUITests";
				PRODUCT_NAME = "$(TARGET_NAME)";
				SWIFT_EMIT_LOC_STRINGS = NO;
				SWIFT_VERSION = 5.0;
				TARGETED_DEVICE_FAMILY = "1,2";
				TEST_TARGET_NAME = "Music by Location";
			};
			name = Release;
		};
/* End XCBuildConfiguration section */

/* Begin XCConfigurationList section */
		6B22C6E627CFED8B000730F9 /* Build configuration list for PBXProject "Music by Location" */ = {
			isa = XCConfigurationList;
			buildConfigurations = (
				6B22C70D27CFED8D000730F9 /* Debug */,
				6B22C70E27CFED8D000730F9 /* Release */,
			);
			defaultConfigurationIsVisible = 0;
			defaultConfigurationName = Release;
		};
		6B22C70F27CFED8D000730F9 /* Build configuration list for PBXNativeTarget "Music by Location" */ = {
			isa = XCConfigurationList;
			buildConfigurations = (
				6B22C71027CFED8D000730F9 /* Debug */,
				6B22C71127CFED8D000730F9 /* Release */,
			);
			defaultConfigurationIsVisible = 0;
			defaultConfigurationName = Release;
		};
		6B22C71227CFED8D000730F9 /* Build configuration list for PBXNativeTarget "Music by LocationTests" */ = {
			isa = XCConfigurationList;
			buildConfigurations = (
				6B22C71327CFED8D000730F9 /* Debug */,
				6B22C71427CFED8D000730F9 /* Release */,
			);
			defaultConfigurationIsVisible = 0;
			defaultConfigurationName = Release;
		};
		6B22C71527CFED8D000730F9 /* Build configuration list for PBXNativeTarget "Music by LocationUITests" */ = {
			isa = XCConfigurationList;
			buildConfigurations = (
				6B22C71627CFED8D000730F9 /* Debug */,
				6B22C71727CFED8D000730F9 /* Release */,
			);
			defaultConfigurationIsVisible = 0;
			defaultConfigurationName = Release;
		};
/* End XCConfigurationList section */
	};
	rootObject = 6B22C6E327CFED8B000730F9 /* Project object */;
}
